
Microsoft Visual Studio Solution File, Format Version 12.00
# Visual Studio Version 17
VisualStudioVersion = 17.7.34024.191
MinimumVisualStudioVersion = 10.0.40219.1
Project("{9A19103F-16F7-4668-BE54-9A1E7A4F7556}") = "RemoveElemFromList", "RemoveElemFromList\RemoveElemFromList.csproj", "{799A6F15-FC64-4D64-A32E-316ED87BDEF2}"
EndProject
Project("{FAE04EC0-301F-11D3-BF4B-00C04F79EFBC}") = "ReverseList", "ReverseList\ReverseList.csproj", "{DA9FCF6E-9327-420C-AA6C-6E7E51BC7024}"
EndProject
Global
	GlobalSection(SolutionConfigurationPlatforms) = preSolution
		Debug|Any CPU = Debug|Any CPU
		Release|Any CPU = Release|Any CPU
	EndGlobalSection
	GlobalSection(ProjectConfigurationPlatforms) = postSolution
		{799A6F15-FC64-4D64-A32E-316ED87BDEF2}.Debug|Any CPU.ActiveCfg = Debug|Any CPU
		{799A6F15-FC64-4D64-A32E-316ED87BDEF2}.Debug|Any CPU.Build.0 = Debug|Any CPU
		{799A6F15-FC64-4D64-A32E-316ED87BDEF2}.Release|Any CPU.ActiveCfg = Release|Any CPU
		{799A6F15-FC64-4D64-A32E-316ED87BDEF2}.Release|Any CPU.Build.0 = Release|Any CPU
		{DA9FCF6E-9327-420C-AA6C-6E7E51BC7024}.Debug|Any CPU.ActiveCfg = Debug|Any CPU
		{DA9FCF6E-9327-420C-AA6C-6E7E51BC7024}.Debug|Any CPU.Build.0 = Debug|Any CPU
		{DA9FCF6E-9327-420C-AA6C-6E7E51BC7024}.Release|Any CPU.ActiveCfg = Release|Any CPU
		{DA9FCF6E-9327-420C-AA6C-6E7E51BC7024}.Release|Any CPU.Build.0 = Release|Any CPU
	EndGlobalSection
	GlobalSection(SolutionProperties) = preSolution
		HideSolutionNode = FALSE
	EndGlobalSection
	GlobalSection(ExtensibilityGlobals) = postSolution
		SolutionGuid = {6C7C2F1A-4BED-46C2-8788-2205E1A2B516}
	EndGlobalSection
EndGlobal
