
Microsoft Visual Studio Solution File, Format Version 12.00
# Visual Studio Version 17
VisualStudioVersion = 17.8.34525.116
MinimumVisualStudioVersion = 10.0.40219.1
Project("{FAE04EC0-301F-11D3-BF4B-00C04F79EFBC}") = "ToStringExercise", "ToStringExercise\ToStringExercise.csproj", "{B7A8EF50-4C12-4711-901F-04F203FA9677}"
EndProject
Global
	GlobalSection(SolutionConfigurationPlatforms) = preSolution
		Debug|Any CPU = Debug|Any CPU
		Release|Any CPU = Release|Any CPU
	EndGlobalSection
	GlobalSection(ProjectConfigurationPlatforms) = postSolution
		{B7A8EF50-4C12-4711-901F-04F203FA9677}.Debug|Any CPU.ActiveCfg = Debug|Any CPU
		{B7A8EF50-4C12-4711-901F-04F203FA9677}.Debug|Any CPU.Build.0 = Debug|Any CPU
		{B7A8EF50-4C12-4711-901F-04F203FA9677}.Release|Any CPU.ActiveCfg = Release|Any CPU
		{B7A8EF50-4C12-4711-901F-04F203FA9677}.Release|Any CPU.Build.0 = Release|Any CPU
	EndGlobalSection
	GlobalSection(SolutionProperties) = preSolution
		HideSolutionNode = FALSE
	EndGlobalSection
	GlobalSection(ExtensibilityGlobals) = postSolution
		SolutionGuid = {EDCF7FA1-84D9-4D5A-859B-0B25CFD03573}
	EndGlobalSection
EndGlobal
