
Microsoft Visual Studio Solution File, Format Version 12.00
# Visual Studio Version 17
VisualStudioVersion = 17.7.34024.191
MinimumVisualStudioVersion = 10.0.40219.1
Project("{9A19103F-16F7-4668-BE54-9A1E7A4F7556}") = "OOP Learning", "OOP Learning\OOP Learning.csproj", "{816576A2-FD1C-450E-BAB1-3DEDA811C5DA}"
EndProject
Project("{9A19103F-16F7-4668-BE54-9A1E7A4F7556}") = "DataTimeLearning", "DataTimeLearning\DataTimeLearning.csproj", "{BA4F22E1-3F2B-4CA3-B2A5-015AA8E22BB8}"
EndProject
Project("{FAE04EC0-301F-11D3-BF4B-00C04F79EFBC}") = "OOPBasics", "OOPBasics\OOPBasics.csproj", "{F278512D-9F3C-4120-BDC4-655CE2D3808A}"
EndProject
Project("{FAE04EC0-301F-11D3-BF4B-00C04F79EFBC}") = "MethodsOverloading", "MethodsOverloading\MethodsOverloading.csproj", "{53EBF3C4-5D02-46B5-880B-E5446C3D6C52}"
EndProject
Project("{FAE04EC0-301F-11D3-BF4B-00C04F79EFBC}") = "ConstructorsOverloading", "ConstructorsOverloading\ConstructorsOverloading.csproj", "{45A2E255-F4B8-4DCD-A8FD-0120BC9FF9CD}"
EndProject
Global
	GlobalSection(SolutionConfigurationPlatforms) = preSolution
		Debug|Any CPU = Debug|Any CPU
		Release|Any CPU = Release|Any CPU
	EndGlobalSection
	GlobalSection(ProjectConfigurationPlatforms) = postSolution
		{816576A2-FD1C-450E-BAB1-3DEDA811C5DA}.Debug|Any CPU.ActiveCfg = Debug|Any CPU
		{816576A2-FD1C-450E-BAB1-3DEDA811C5DA}.Debug|Any CPU.Build.0 = Debug|Any CPU
		{816576A2-FD1C-450E-BAB1-3DEDA811C5DA}.Release|Any CPU.ActiveCfg = Release|Any CPU
		{816576A2-FD1C-450E-BAB1-3DEDA811C5DA}.Release|Any CPU.Build.0 = Release|Any CPU
		{BA4F22E1-3F2B-4CA3-B2A5-015AA8E22BB8}.Debug|Any CPU.ActiveCfg = Debug|Any CPU
		{BA4F22E1-3F2B-4CA3-B2A5-015AA8E22BB8}.Debug|Any CPU.Build.0 = Debug|Any CPU
		{BA4F22E1-3F2B-4CA3-B2A5-015AA8E22BB8}.Release|Any CPU.ActiveCfg = Release|Any CPU
		{BA4F22E1-3F2B-4CA3-B2A5-015AA8E22BB8}.Release|Any CPU.Build.0 = Release|Any CPU
		{F278512D-9F3C-4120-BDC4-655CE2D3808A}.Debug|Any CPU.ActiveCfg = Debug|Any CPU
		{F278512D-9F3C-4120-BDC4-655CE2D3808A}.Debug|Any CPU.Build.0 = Debug|Any CPU
		{F278512D-9F3C-4120-BDC4-655CE2D3808A}.Release|Any CPU.ActiveCfg = Release|Any CPU
		{F278512D-9F3C-4120-BDC4-655CE2D3808A}.Release|Any CPU.Build.0 = Release|Any CPU
		{53EBF3C4-5D02-46B5-880B-E5446C3D6C52}.Debug|Any CPU.ActiveCfg = Debug|Any CPU
		{53EBF3C4-5D02-46B5-880B-E5446C3D6C52}.Debug|Any CPU.Build.0 = Debug|Any CPU
		{53EBF3C4-5D02-46B5-880B-E5446C3D6C52}.Release|Any CPU.ActiveCfg = Release|Any CPU
		{53EBF3C4-5D02-46B5-880B-E5446C3D6C52}.Release|Any CPU.Build.0 = Release|Any CPU
		{45A2E255-F4B8-4DCD-A8FD-0120BC9FF9CD}.Debug|Any CPU.ActiveCfg = Debug|Any CPU
		{45A2E255-F4B8-4DCD-A8FD-0120BC9FF9CD}.Debug|Any CPU.Build.0 = Debug|Any CPU
		{45A2E255-F4B8-4DCD-A8FD-0120BC9FF9CD}.Release|Any CPU.ActiveCfg = Release|Any CPU
		{45A2E255-F4B8-4DCD-A8FD-0120BC9FF9CD}.Release|Any CPU.Build.0 = Release|Any CPU
	EndGlobalSection
	GlobalSection(SolutionProperties) = preSolution
		HideSolutionNode = FALSE
	EndGlobalSection
	GlobalSection(ExtensibilityGlobals) = postSolution
		SolutionGuid = {492A1B10-D5AA-4AA7-BF65-672C99238352}
	EndGlobalSection
EndGlobal
